{
  "version": 4,
  "terraform_version": "0.12.28",
  "serial": 1030,
  "lineage": "40d01e3b-617f-47d7-da26-b9431cbeab19",
  "outputs": {
    "masters_ip": {
      "value": [
        "10.240.0.10",
        "10.240.0.11",
        "10.240.0.12"
      ],
      "type": [
        "tuple",
        [
          "string",
          "string",
          "string"
        ]
      ]
    },
    "subnet_id": {
      "value": "e9b6nc7b4225ig4842ib",
      "type": "string"
    },
    "target_group_id": {
      "value": "b7ribvsga67dhesisjv6",
      "type": "string"
    }
  },
  "resources": [
    {
      "module": "module.masters",
      "mode": "managed",
      "type": "yandex_compute_instance",
      "name": "masters",
      "each": "list",
      "provider": "provider.yandex",
      "instances": [
        {
          "index_key": 0,
          "schema_version": 1,
          "attributes": {
            "allow_stopping_for_update": null,
            "boot_disk": [
              {
                "auto_delete": true,
                "device_name": "fhml8c091a1ov3sl757l",
                "disk_id": "fhml8c091a1ov3sl757l",
                "initialize_params": [
                  {
                    "description": "",
                    "image_id": "fd83bj827tp2slnpp7f0",
                    "name": "",
                    "size": 20,
                    "snapshot_id": "",
                    "type": "network-hdd"
                  }
                ],
                "mode": "READ_WRITE"
              }
            ],
            "created_at": "2020-09-24T09:58:00Z",
            "description": "",
            "folder_id": "b1gj34dn2mqtlq1pqu0u",
            "fqdn": "master-0.ru-central1.internal",
            "hostname": "master-0",
            "id": "fhmijs4ogv6haef38sdf",
            "labels": null,
            "metadata": {
              "serial-port-enable": "1",
              "ssh-keys": "ubuntu:ssh-rsa AAAAB3NzaC1yc2EAAAADAQABAAABgQC2atmiM9YMfAaQnV0zuRXOAryN07wEBOF9FUV5vFNqPShXGHEcqWrO4uX9CzCtIrHb0YlrPIRLwY0kie07kEZgIueAYGg/ONvhH1qwNT0RkkrIOdFekwuWwbAlSWnucy1lnkqm3Ubw/qYpctprNophQE4WR9Q4+r9YxKmadYlWCC1mFtqgfOdYxQZHozIJAigw0uIgfUC94UbE06KV9WoFbfuMcwQRWIya8Z/F6cU+fnsEPwfrBarai+++Xr+n1zgfss7VHXaQjMWRNb3zGA+5fQbbcR2jcnW2FhqgRfBP/Cx6vc0slO7xd/IBgE/Ogg7z3cPyr0MI5HvXvN2Py6aVcsUHMpAWyKuPdqI30aui2kdKyMy2UaKKym5qhqD85+jkpSwTHX7nwYyRWK/KwQHVde8hmmcX7iaEtHzDkhfWM+WVK7D0OfMjNks+IK8+U/mvyoJ9W8p1QPWu7cdDEtYws57buyIusiedTPmE5hTEP2UZFr4ROcd+fn2tzWLw7QM= appuser\n"
            },
            "name": "master-0",
            "network_acceleration_type": "standard",
            "network_interface": [
              {
                "index": 0,
                "ip_address": "10.240.0.10",
                "ipv4": true,
                "ipv6": false,
                "ipv6_address": "",
                "mac_address": "d0:0d:12:9f:09:88",
                "nat": true,
                "nat_ip_address": "178.154.225.59",
                "nat_ip_version": "IPV4",
                "security_group_ids": [],
                "subnet_id": "e9b6nc7b4225ig4842ib"
              }
            ],
            "platform_id": "standard-v1",
            "resources": [
              {
                "core_fraction": 100,
                "cores": 2,
                "gpus": 0,
                "memory": 4
              }
            ],
            "scheduling_policy": [
              {
                "preemptible": false
              }
            ],
            "secondary_disk": [],
            "service_account_id": "",
            "status": "running",
            "timeouts": null,
            "zone": "ru-central1-a"
          },
          "private": "eyJlMmJmYjczMC1lY2FhLTExZTYtOGY4OC0zNDM2M2JjN2M0YzAiOnsiY3JlYXRlIjozMDAwMDAwMDAwMDAsImRlbGV0ZSI6MzAwMDAwMDAwMDAwLCJ1cGRhdGUiOjMwMDAwMDAwMDAwMH0sInNjaGVtYV92ZXJzaW9uIjoiMSJ9",
          "dependencies": [
            "module.network.yandex_vpc_network.app-network",
            "module.network.yandex_vpc_subnet.app-subnet"
          ]
        },
        {
          "index_key": 1,
          "schema_version": 1,
          "attributes": {
            "allow_stopping_for_update": null,
            "boot_disk": [
              {
                "auto_delete": true,
                "device_name": "fhmin0mt5ic0vbqo8ptc",
                "disk_id": "fhmin0mt5ic0vbqo8ptc",
                "initialize_params": [
                  {
                    "description": "",
                    "image_id": "fd83bj827tp2slnpp7f0",
                    "name": "",
                    "size": 20,
                    "snapshot_id": "",
                    "type": "network-hdd"
                  }
                ],
                "mode": "READ_WRITE"
              }
            ],
            "created_at": "2020-09-24T09:58:01Z",
            "description": "",
            "folder_id": "b1gj34dn2mqtlq1pqu0u",
            "fqdn": "master-1.ru-central1.internal",
            "hostname": "master-1",
            "id": "fhm1sqpv68egfpjoh45p",
            "labels": null,
            "metadata": {
              "serial-port-enable": "1",
              "ssh-keys": "ubuntu:ssh-rsa AAAAB3NzaC1yc2EAAAADAQABAAABgQC2atmiM9YMfAaQnV0zuRXOAryN07wEBOF9FUV5vFNqPShXGHEcqWrO4uX9CzCtIrHb0YlrPIRLwY0kie07kEZgIueAYGg/ONvhH1qwNT0RkkrIOdFekwuWwbAlSWnucy1lnkqm3Ubw/qYpctprNophQE4WR9Q4+r9YxKmadYlWCC1mFtqgfOdYxQZHozIJAigw0uIgfUC94UbE06KV9WoFbfuMcwQRWIya8Z/F6cU+fnsEPwfrBarai+++Xr+n1zgfss7VHXaQjMWRNb3zGA+5fQbbcR2jcnW2FhqgRfBP/Cx6vc0slO7xd/IBgE/Ogg7z3cPyr0MI5HvXvN2Py6aVcsUHMpAWyKuPdqI30aui2kdKyMy2UaKKym5qhqD85+jkpSwTHX7nwYyRWK/KwQHVde8hmmcX7iaEtHzDkhfWM+WVK7D0OfMjNks+IK8+U/mvyoJ9W8p1QPWu7cdDEtYws57buyIusiedTPmE5hTEP2UZFr4ROcd+fn2tzWLw7QM= appuser\n"
            },
            "name": "master-1",
            "network_acceleration_type": "standard",
            "network_interface": [
              {
                "index": 0,
                "ip_address": "10.240.0.11",
                "ipv4": true,
                "ipv6": false,
                "ipv6_address": "",
                "mac_address": "d0:0d:1e:6b:3f:32",
                "nat": true,
                "nat_ip_address": "178.154.226.110",
                "nat_ip_version": "IPV4",
                "security_group_ids": [],
                "subnet_id": "e9b6nc7b4225ig4842ib"
              }
            ],
            "platform_id": "standard-v1",
            "resources": [
              {
                "core_fraction": 100,
                "cores": 2,
                "gpus": 0,
                "memory": 4
              }
            ],
            "scheduling_policy": [
              {
                "preemptible": false
              }
            ],
            "secondary_disk": [],
            "service_account_id": "",
            "status": "running",
            "timeouts": null,
            "zone": "ru-central1-a"
          },
          "private": "eyJlMmJmYjczMC1lY2FhLTExZTYtOGY4OC0zNDM2M2JjN2M0YzAiOnsiY3JlYXRlIjozMDAwMDAwMDAwMDAsImRlbGV0ZSI6MzAwMDAwMDAwMDAwLCJ1cGRhdGUiOjMwMDAwMDAwMDAwMH0sInNjaGVtYV92ZXJzaW9uIjoiMSJ9",
          "dependencies": [
            "module.network.yandex_vpc_network.app-network",
            "module.network.yandex_vpc_subnet.app-subnet"
          ]
        },
        {
          "index_key": 2,
          "schema_version": 1,
          "attributes": {
            "allow_stopping_for_update": null,
            "boot_disk": [
              {
                "auto_delete": true,
                "device_name": "fhmag423vl6v9emoeg0j",
                "disk_id": "fhmag423vl6v9emoeg0j",
                "initialize_params": [
                  {
                    "description": "",
                    "image_id": "fd83bj827tp2slnpp7f0",
                    "name": "",
                    "size": 20,
                    "snapshot_id": "",
                    "type": "network-hdd"
                  }
                ],
                "mode": "READ_WRITE"
              }
            ],
            "created_at": "2020-09-24T09:58:04Z",
            "description": "",
            "folder_id": "b1gj34dn2mqtlq1pqu0u",
            "fqdn": "master-2.ru-central1.internal",
            "hostname": "master-2",
            "id": "fhmji9vi3aomu7frfem1",
            "labels": null,
            "metadata": {
              "serial-port-enable": "1",
              "ssh-keys": "ubuntu:ssh-rsa AAAAB3NzaC1yc2EAAAADAQABAAABgQC2atmiM9YMfAaQnV0zuRXOAryN07wEBOF9FUV5vFNqPShXGHEcqWrO4uX9CzCtIrHb0YlrPIRLwY0kie07kEZgIueAYGg/ONvhH1qwNT0RkkrIOdFekwuWwbAlSWnucy1lnkqm3Ubw/qYpctprNophQE4WR9Q4+r9YxKmadYlWCC1mFtqgfOdYxQZHozIJAigw0uIgfUC94UbE06KV9WoFbfuMcwQRWIya8Z/F6cU+fnsEPwfrBarai+++Xr+n1zgfss7VHXaQjMWRNb3zGA+5fQbbcR2jcnW2FhqgRfBP/Cx6vc0slO7xd/IBgE/Ogg7z3cPyr0MI5HvXvN2Py6aVcsUHMpAWyKuPdqI30aui2kdKyMy2UaKKym5qhqD85+jkpSwTHX7nwYyRWK/KwQHVde8hmmcX7iaEtHzDkhfWM+WVK7D0OfMjNks+IK8+U/mvyoJ9W8p1QPWu7cdDEtYws57buyIusiedTPmE5hTEP2UZFr4ROcd+fn2tzWLw7QM= appuser\n"
            },
            "name": "master-2",
            "network_acceleration_type": "standard",
            "network_interface": [
              {
                "index": 0,
                "ip_address": "10.240.0.12",
                "ipv4": true,
                "ipv6": false,
                "ipv6_address": "",
                "mac_address": "d0:0d:13:92:7f:21",
                "nat": true,
                "nat_ip_address": "178.154.227.210",
                "nat_ip_version": "IPV4",
                "security_group_ids": [],
                "subnet_id": "e9b6nc7b4225ig4842ib"
              }
            ],
            "platform_id": "standard-v1",
            "resources": [
              {
                "core_fraction": 100,
                "cores": 2,
                "gpus": 0,
                "memory": 4
              }
            ],
            "scheduling_policy": [
              {
                "preemptible": false
              }
            ],
            "secondary_disk": [],
            "service_account_id": "",
            "status": "running",
            "timeouts": null,
            "zone": "ru-central1-a"
          },
          "private": "eyJlMmJmYjczMC1lY2FhLTExZTYtOGY4OC0zNDM2M2JjN2M0YzAiOnsiY3JlYXRlIjozMDAwMDAwMDAwMDAsImRlbGV0ZSI6MzAwMDAwMDAwMDAwLCJ1cGRhdGUiOjMwMDAwMDAwMDAwMH0sInNjaGVtYV92ZXJzaW9uIjoiMSJ9",
          "dependencies": [
            "module.network.yandex_vpc_network.app-network",
            "module.network.yandex_vpc_subnet.app-subnet"
          ]
        }
      ]
    },
    {
      "module": "module.workers",
      "mode": "managed",
      "type": "yandex_compute_instance",
      "name": "workers",
      "each": "list",
      "provider": "provider.yandex",
      "instances": [
        {
          "index_key": 0,
          "schema_version": 1,
          "attributes": {
            "allow_stopping_for_update": null,
            "boot_disk": [
              {
                "auto_delete": true,
                "device_name": "fhmomertn5oe4qlfti2k",
                "disk_id": "fhmomertn5oe4qlfti2k",
                "initialize_params": [
                  {
                    "description": "",
                    "image_id": "fd83bj827tp2slnpp7f0",
                    "name": "",
                    "size": 20,
                    "snapshot_id": "",
                    "type": "network-hdd"
                  }
                ],
                "mode": "READ_WRITE"
              }
            ],
            "created_at": "2020-09-24T09:57:59Z",
            "description": "",
            "folder_id": "b1gj34dn2mqtlq1pqu0u",
            "fqdn": "worker-0.ru-central1.internal",
            "hostname": "worker-0",
            "id": "fhmd1jleo119k4g7tk49",
            "labels": null,
            "metadata": {
              "pod-cidr": "10.200.0.0/24",
              "serial-port-enable": "1",
              "ssh-keys": "ubuntu:ssh-rsa AAAAB3NzaC1yc2EAAAADAQABAAABgQC2atmiM9YMfAaQnV0zuRXOAryN07wEBOF9FUV5vFNqPShXGHEcqWrO4uX9CzCtIrHb0YlrPIRLwY0kie07kEZgIueAYGg/ONvhH1qwNT0RkkrIOdFekwuWwbAlSWnucy1lnkqm3Ubw/qYpctprNophQE4WR9Q4+r9YxKmadYlWCC1mFtqgfOdYxQZHozIJAigw0uIgfUC94UbE06KV9WoFbfuMcwQRWIya8Z/F6cU+fnsEPwfrBarai+++Xr+n1zgfss7VHXaQjMWRNb3zGA+5fQbbcR2jcnW2FhqgRfBP/Cx6vc0slO7xd/IBgE/Ogg7z3cPyr0MI5HvXvN2Py6aVcsUHMpAWyKuPdqI30aui2kdKyMy2UaKKym5qhqD85+jkpSwTHX7nwYyRWK/KwQHVde8hmmcX7iaEtHzDkhfWM+WVK7D0OfMjNks+IK8+U/mvyoJ9W8p1QPWu7cdDEtYws57buyIusiedTPmE5hTEP2UZFr4ROcd+fn2tzWLw7QM= appuser\n"
            },
            "name": "worker-0",
            "network_acceleration_type": "standard",
            "network_interface": [
              {
                "index": 0,
                "ip_address": "10.240.0.20",
                "ipv4": true,
                "ipv6": false,
                "ipv6_address": "",
                "mac_address": "d0:0d:d0:ce:ae:c0",
                "nat": true,
                "nat_ip_address": "178.154.225.185",
                "nat_ip_version": "IPV4",
                "security_group_ids": [],
                "subnet_id": "e9b6nc7b4225ig4842ib"
              }
            ],
            "platform_id": "standard-v1",
            "resources": [
              {
                "core_fraction": 100,
                "cores": 2,
                "gpus": 0,
                "memory": 4
              }
            ],
            "scheduling_policy": [
              {
                "preemptible": false
              }
            ],
            "secondary_disk": [],
            "service_account_id": "",
            "status": "running",
            "timeouts": null,
            "zone": "ru-central1-a"
          },
          "private": "eyJlMmJmYjczMC1lY2FhLTExZTYtOGY4OC0zNDM2M2JjN2M0YzAiOnsiY3JlYXRlIjozMDAwMDAwMDAwMDAsImRlbGV0ZSI6MzAwMDAwMDAwMDAwLCJ1cGRhdGUiOjMwMDAwMDAwMDAwMH0sInNjaGVtYV92ZXJzaW9uIjoiMSJ9",
          "dependencies": [
            "module.network.yandex_vpc_network.app-network",
            "module.network.yandex_vpc_subnet.app-subnet"
          ]
        },
        {
          "index_key": 1,
          "schema_version": 1,
          "attributes": {
            "allow_stopping_for_update": null,
            "boot_disk": [
              {
                "auto_delete": true,
                "device_name": "fhmpc0dhatdvl9tjdl6k",
                "disk_id": "fhmpc0dhatdvl9tjdl6k",
                "initialize_params": [
                  {
                    "description": "",
                    "image_id": "fd83bj827tp2slnpp7f0",
                    "name": "",
                    "size": 20,
                    "snapshot_id": "",
                    "type": "network-hdd"
                  }
                ],
                "mode": "READ_WRITE"
              }
            ],
            "created_at": "2020-09-24T09:57:59Z",
            "description": "",
            "folder_id": "b1gj34dn2mqtlq1pqu0u",
            "fqdn": "worker-1.ru-central1.internal",
            "hostname": "worker-1",
            "id": "fhmcd83ujq35gq86drm3",
            "labels": null,
            "metadata": {
              "pod-cidr": "10.200.1.0/24",
              "serial-port-enable": "1",
              "ssh-keys": "ubuntu:ssh-rsa AAAAB3NzaC1yc2EAAAADAQABAAABgQC2atmiM9YMfAaQnV0zuRXOAryN07wEBOF9FUV5vFNqPShXGHEcqWrO4uX9CzCtIrHb0YlrPIRLwY0kie07kEZgIueAYGg/ONvhH1qwNT0RkkrIOdFekwuWwbAlSWnucy1lnkqm3Ubw/qYpctprNophQE4WR9Q4+r9YxKmadYlWCC1mFtqgfOdYxQZHozIJAigw0uIgfUC94UbE06KV9WoFbfuMcwQRWIya8Z/F6cU+fnsEPwfrBarai+++Xr+n1zgfss7VHXaQjMWRNb3zGA+5fQbbcR2jcnW2FhqgRfBP/Cx6vc0slO7xd/IBgE/Ogg7z3cPyr0MI5HvXvN2Py6aVcsUHMpAWyKuPdqI30aui2kdKyMy2UaKKym5qhqD85+jkpSwTHX7nwYyRWK/KwQHVde8hmmcX7iaEtHzDkhfWM+WVK7D0OfMjNks+IK8+U/mvyoJ9W8p1QPWu7cdDEtYws57buyIusiedTPmE5hTEP2UZFr4ROcd+fn2tzWLw7QM= appuser\n"
            },
            "name": "worker-1",
            "network_acceleration_type": "standard",
            "network_interface": [
              {
                "index": 0,
                "ip_address": "10.240.0.21",
                "ipv4": true,
                "ipv6": false,
                "ipv6_address": "",
                "mac_address": "d0:0d:c6:a0:7e:9e",
                "nat": true,
                "nat_ip_address": "178.154.226.13",
                "nat_ip_version": "IPV4",
                "security_group_ids": [],
                "subnet_id": "e9b6nc7b4225ig4842ib"
              }
            ],
            "platform_id": "standard-v1",
            "resources": [
              {
                "core_fraction": 100,
                "cores": 2,
                "gpus": 0,
                "memory": 4
              }
            ],
            "scheduling_policy": [
              {
                "preemptible": false
              }
            ],
            "secondary_disk": [],
            "service_account_id": "",
            "status": "running",
            "timeouts": null,
            "zone": "ru-central1-a"
          },
          "private": "eyJlMmJmYjczMC1lY2FhLTExZTYtOGY4OC0zNDM2M2JjN2M0YzAiOnsiY3JlYXRlIjozMDAwMDAwMDAwMDAsImRlbGV0ZSI6MzAwMDAwMDAwMDAwLCJ1cGRhdGUiOjMwMDAwMDAwMDAwMH0sInNjaGVtYV92ZXJzaW9uIjoiMSJ9",
          "dependencies": [
            "module.network.yandex_vpc_network.app-network",
            "module.network.yandex_vpc_subnet.app-subnet"
          ]
        },
        {
          "index_key": 2,
          "schema_version": 1,
          "attributes": {
            "allow_stopping_for_update": null,
            "boot_disk": [
              {
                "auto_delete": true,
                "device_name": "fhmeu4nuc66i1vuklrvl",
                "disk_id": "fhmeu4nuc66i1vuklrvl",
                "initialize_params": [
                  {
                    "description": "",
                    "image_id": "fd83bj827tp2slnpp7f0",
                    "name": "",
                    "size": 20,
                    "snapshot_id": "",
                    "type": "network-hdd"
                  }
                ],
                "mode": "READ_WRITE"
              }
            ],
            "created_at": "2020-09-24T09:58:04Z",
            "description": "",
            "folder_id": "b1gj34dn2mqtlq1pqu0u",
            "fqdn": "worker-2.ru-central1.internal",
            "hostname": "worker-2",
            "id": "fhmh345tll4ps4gtfqg9",
            "labels": null,
            "metadata": {
              "pod-cidr": "10.200.2.0/24",
              "serial-port-enable": "1",
              "ssh-keys": "ubuntu:ssh-rsa AAAAB3NzaC1yc2EAAAADAQABAAABgQC2atmiM9YMfAaQnV0zuRXOAryN07wEBOF9FUV5vFNqPShXGHEcqWrO4uX9CzCtIrHb0YlrPIRLwY0kie07kEZgIueAYGg/ONvhH1qwNT0RkkrIOdFekwuWwbAlSWnucy1lnkqm3Ubw/qYpctprNophQE4WR9Q4+r9YxKmadYlWCC1mFtqgfOdYxQZHozIJAigw0uIgfUC94UbE06KV9WoFbfuMcwQRWIya8Z/F6cU+fnsEPwfrBarai+++Xr+n1zgfss7VHXaQjMWRNb3zGA+5fQbbcR2jcnW2FhqgRfBP/Cx6vc0slO7xd/IBgE/Ogg7z3cPyr0MI5HvXvN2Py6aVcsUHMpAWyKuPdqI30aui2kdKyMy2UaKKym5qhqD85+jkpSwTHX7nwYyRWK/KwQHVde8hmmcX7iaEtHzDkhfWM+WVK7D0OfMjNks+IK8+U/mvyoJ9W8p1QPWu7cdDEtYws57buyIusiedTPmE5hTEP2UZFr4ROcd+fn2tzWLw7QM= appuser\n"
            },
            "name": "worker-2",
            "network_acceleration_type": "standard",
            "network_interface": [
              {
                "index": 0,
                "ip_address": "10.240.0.22",
                "ipv4": true,
                "ipv6": false,
                "ipv6_address": "",
                "mac_address": "d0:0d:11:19:0b:da",
                "nat": true,
                "nat_ip_address": "178.154.227.197",
                "nat_ip_version": "IPV4",
                "security_group_ids": [],
                "subnet_id": "e9b6nc7b4225ig4842ib"
              }
            ],
            "platform_id": "standard-v1",
            "resources": [
              {
                "core_fraction": 100,
                "cores": 2,
                "gpus": 0,
                "memory": 4
              }
            ],
            "scheduling_policy": [
              {
                "preemptible": false
              }
            ],
            "secondary_disk": [],
            "service_account_id": "",
            "status": "running",
            "timeouts": null,
            "zone": "ru-central1-a"
          },
          "private": "eyJlMmJmYjczMC1lY2FhLTExZTYtOGY4OC0zNDM2M2JjN2M0YzAiOnsiY3JlYXRlIjozMDAwMDAwMDAwMDAsImRlbGV0ZSI6MzAwMDAwMDAwMDAwLCJ1cGRhdGUiOjMwMDAwMDAwMDAwMH0sInNjaGVtYV92ZXJzaW9uIjoiMSJ9",
          "dependencies": [
            "module.network.yandex_vpc_network.app-network",
            "module.network.yandex_vpc_subnet.app-subnet"
          ]
        }
      ]
    },
    {
      "module": "module.lb",
      "mode": "managed",
      "type": "yandex_lb_network_load_balancer",
      "name": "lb",
      "provider": "provider.yandex",
      "instances": [
        {
          "schema_version": 0,
          "attributes": {
            "attached_target_group": [
              {
                "healthcheck": [
                  {
                    "healthy_threshold": 2,
                    "http_options": [
                      {
                        "path": "/",
                        "port": 80
                      }
                    ],
                    "interval": 2,
                    "name": "kubernetes-health-check",
                    "tcp_options": [],
                    "timeout": 1,
                    "unhealthy_threshold": 2
                  }
                ],
                "target_group_id": "b7ribvsga67dhesisjv6"
              }
            ],
            "created_at": "2020-09-24T09:58:53Z",
            "description": "",
            "folder_id": "b1gj34dn2mqtlq1pqu0u",
            "id": "b7rqtq2sajp576odobob",
            "labels": null,
            "listener": [
              {
                "external_address_spec": [
                  {
                    "address": "84.201.159.56",
                    "ip_version": "ipv4"
                  }
                ],
                "internal_address_spec": [],
                "name": "kubernetes-listener",
                "port": 6443,
                "protocol": "tcp",
                "target_port": 6443
              }
            ],
            "name": "kubernetes-load-balancer",
            "region_id": "ru-central1",
            "timeouts": null,
            "type": "external"
          },
          "private": "eyJlMmJmYjczMC1lY2FhLTExZTYtOGY4OC0zNDM2M2JjN2M0YzAiOnsiY3JlYXRlIjozMDAwMDAwMDAwMDAsImRlbGV0ZSI6MzAwMDAwMDAwMDAwLCJ1cGRhdGUiOjMwMDAwMDAwMDAwMH19",
          "dependencies": [
            "module.masters.yandex_compute_instance.masters",
            "module.network.yandex_vpc_network.app-network",
            "module.network.yandex_vpc_subnet.app-subnet",
            "module.target_group.yandex_lb_target_group.masters_tg"
          ]
        }
      ]
    },
    {
      "module": "module.target_group",
      "mode": "managed",
      "type": "yandex_lb_target_group",
      "name": "masters_tg",
      "provider": "provider.yandex",
      "instances": [
        {
          "schema_version": 0,
          "attributes": {
            "created_at": "2020-09-24T09:58:46Z",
            "description": "",
            "folder_id": "b1gj34dn2mqtlq1pqu0u",
            "id": "b7ribvsga67dhesisjv6",
            "labels": null,
            "name": "kubernetes-target-pool",
            "region_id": "ru-central1",
            "target": [
              {
                "address": "10.240.0.10",
                "subnet_id": "e9b6nc7b4225ig4842ib"
              },
              {
                "address": "10.240.0.11",
                "subnet_id": "e9b6nc7b4225ig4842ib"
              },
              {
                "address": "10.240.0.12",
                "subnet_id": "e9b6nc7b4225ig4842ib"
              }
            ],
            "timeouts": null
          },
          "private": "eyJlMmJmYjczMC1lY2FhLTExZTYtOGY4OC0zNDM2M2JjN2M0YzAiOnsiY3JlYXRlIjozMDAwMDAwMDAwMDAsImRlbGV0ZSI6MzAwMDAwMDAwMDAwLCJ1cGRhdGUiOjMwMDAwMDAwMDAwMH19",
          "dependencies": [
            "module.masters.yandex_compute_instance.masters",
            "module.network.yandex_vpc_network.app-network",
            "module.network.yandex_vpc_subnet.app-subnet"
          ]
        }
      ]
    },
    {
      "module": "module.network",
      "mode": "managed",
      "type": "yandex_vpc_network",
      "name": "app-network",
      "provider": "provider.yandex",
      "instances": [
        {
          "schema_version": 0,
          "attributes": {
            "created_at": "2020-09-24T09:57:56Z",
            "description": "",
            "folder_id": "b1gj34dn2mqtlq1pqu0u",
            "id": "enpi0dr32j85aminv38r",
            "labels": null,
            "name": "kubernetes-the-hard-way",
            "subnet_ids": [],
            "timeouts": null
          },
          "private": "eyJlMmJmYjczMC1lY2FhLTExZTYtOGY4OC0zNDM2M2JjN2M0YzAiOnsiY3JlYXRlIjo2MDAwMDAwMDAwMCwiZGVsZXRlIjo2MDAwMDAwMDAwMCwidXBkYXRlIjo2MDAwMDAwMDAwMH19"
        }
      ]
    },
    {
      "module": "module.network",
      "mode": "managed",
      "type": "yandex_vpc_route_table",
      "name": "kubernetes-route",
      "provider": "provider.yandex",
      "instances": [
        {
          "schema_version": 0,
          "attributes": {
            "created_at": "2020-09-24T09:57:57Z",
            "description": "",
            "folder_id": "b1gj34dn2mqtlq1pqu0u",
            "id": "enpmmthq63hldcl3vgm7",
            "labels": null,
            "name": "kubernetes-route",
            "network_id": "enpi0dr32j85aminv38r",
            "static_route": [
              {
                "destination_prefix": "10.200.0.0/24",
                "next_hop_address": "10.240.0.20"
              },
              {
                "destination_prefix": "10.200.1.0/24",
                "next_hop_address": "10.240.0.21"
              },
              {
                "destination_prefix": "10.200.2.0/24",
                "next_hop_address": "10.240.0.22"
              }
            ],
            "timeouts": null
          },
          "private": "eyJlMmJmYjczMC1lY2FhLTExZTYtOGY4OC0zNDM2M2JjN2M0YzAiOnsiY3JlYXRlIjoxODAwMDAwMDAwMDAsImRlbGV0ZSI6MTgwMDAwMDAwMDAwLCJ1cGRhdGUiOjE4MDAwMDAwMDAwMH19",
          "dependencies": [
            "module.network.yandex_vpc_network.app-network"
          ]
        }
      ]
    },
    {
      "module": "module.network",
      "mode": "managed",
      "type": "yandex_vpc_subnet",
      "name": "app-subnet",
      "provider": "provider.yandex",
      "instances": [
        {
          "schema_version": 0,
          "attributes": {
            "created_at": "2020-09-24T09:57:57Z",
            "description": "",
            "dhcp_options": [],
            "folder_id": "b1gj34dn2mqtlq1pqu0u",
            "id": "e9b6nc7b4225ig4842ib",
            "labels": null,
            "name": "kubernetes",
            "network_id": "enpi0dr32j85aminv38r",
            "route_table_id": "",
            "timeouts": null,
            "v4_cidr_blocks": [
              "10.240.0.0/24"
            ],
            "v6_cidr_blocks": [],
            "zone": "ru-central1-a"
          },
          "private": "eyJlMmJmYjczMC1lY2FhLTExZTYtOGY4OC0zNDM2M2JjN2M0YzAiOnsiY3JlYXRlIjoxODAwMDAwMDAwMDAsImRlbGV0ZSI6MTgwMDAwMDAwMDAwLCJ1cGRhdGUiOjE4MDAwMDAwMDAwMH19",
          "dependencies": [
            "module.network.yandex_vpc_network.app-network"
          ]
        }
      ]
    }
  ]
}
